
Microsoft Visual Studio Solution File, Format Version 12.00
# Visual Studio 15
Project("{FAE04EC0-301F-11D3-BF4B-00C04F79EFBC}") = "Assembly-CSharp", "Assembly-CSharp.csproj", "{AF268763-70C6-8B13-7C9D-67E62490D9A3}"
EndProject
Project("{FAE04EC0-301F-11D3-BF4B-00C04F79EFBC}") = "Assembly-CSharp-Editor", "Assembly-CSharp-Editor.csproj", "{633F64A6-C7D8-AE00-0F9E-3AA656A9E07A}"
EndProject
Global
	GlobalSection(SolutionConfigurationPlatforms) = preSolution
		Debug|Any CPU = Debug|Any CPU
		Release|Any CPU = Release|Any CPU
	EndGlobalSection
	GlobalSection(ProjectConfigurationPlatforms) = postSolution
		{AF268763-70C6-8B13-7C9D-67E62490D9A3}.Debug|Any CPU.ActiveCfg = Debug|Any CPU
		{AF268763-70C6-8B13-7C9D-67E62490D9A3}.Debug|Any CPU.Build.0 = Debug|Any CPU
		{AF268763-70C6-8B13-7C9D-67E62490D9A3}.Release|Any CPU.ActiveCfg = Release|Any CPU
		{AF268763-70C6-8B13-7C9D-67E62490D9A3}.Release|Any CPU.Build.0 = Release|Any CPU
		{633F64A6-C7D8-AE00-0F9E-3AA656A9E07A}.Debug|Any CPU.ActiveCfg = Debug|Any CPU
		{633F64A6-C7D8-AE00-0F9E-3AA656A9E07A}.Debug|Any CPU.Build.0 = Debug|Any CPU
		{633F64A6-C7D8-AE00-0F9E-3AA656A9E07A}.Release|Any CPU.ActiveCfg = Release|Any CPU
		{633F64A6-C7D8-AE00-0F9E-3AA656A9E07A}.Release|Any CPU.Build.0 = Release|Any CPU
	EndGlobalSection
	GlobalSection(SolutionProperties) = preSolution
		HideSolutionNode = FALSE
	EndGlobalSection
EndGlobal
